# THIS IS AN AUTOGENERATED FILE. DO NOT EDIT THIS FILE DIRECTLY.
# yarn lockfile v1


workbox-core@6.4.2:
  version "6.4.2"
  resolved "https://registry.yarnpkg.com/workbox-core/-/workbox-core-6.4.2.tgz#f99fd36a211cc01dce90aa7d5f2c255e8fe9d6bc"
  integrity sha512-1U6cdEYPcajRXiboSlpJx6U7TvhIKbxRRerfepAJu2hniKwJ3DHILjpU/zx3yvzSBCWcNJDoFalf7Vgd7ey/rw==

workbox-routing@^6.4.2:
  version "6.4.2"
  resolved "https://registry.yarnpkg.com/workbox-routing/-/workbox-routing-6.4.2.tgz#65b1c61e8ca79bb9152f93263c26b1f248d09dcc"
  integrity sha512-0ss/n9PAcHjTy4Ad7l2puuod4WtsnRYu9BrmHcu6Dk4PgWeJo1t5VnGufPxNtcuyPGQ3OdnMdlmhMJ57sSrrSw==
  dependencies:
    workbox-core "6.4.2"

workbox-strategies@^6.4.2:
  version "6.4.2"
  resolved "https://registry.yarnpkg.com/workbox-strategies/-/workbox-strategies-6.4.2.tgz#50c02bf2d116918e1a8052df5f2c1e4103c62d5d"
  integrity sha512-YXh9E9dZGEO1EiPC3jPe2CbztO5WT8Ruj8wiYZM56XqEJp5YlGTtqRjghV+JovWOqkWdR+amJpV31KPWQUvn1Q==
  dependencies:
    workbox-core "6.4.2"
