# THIS IS AN AUTOGENERATED FILE. DO NOT EDIT THIS FILE DIRECTLY.
# yarn lockfile v1


os@^0.1.2:
  version "0.1.2"
  resolved "https://registry.yarnpkg.com/os/-/os-0.1.2.tgz#f29a50c62908516ba42652de42f7038600cadbc2"
  integrity sha512-ZoXJkvAnljwvc56MbvhtKVWmSkzV712k42Is2mA0+0KTSRakq5XXuXpjZjgAt9ctzl51ojhQWakQQpmOvXWfjQ==
